
Microsoft Visual Studio Solution File, Format Version 12.00
# Visual Studio Version 17
VisualStudioVersion = 17.14.36603.0 d17.14
MinimumVisualStudioVersion = 10.0.40219.1
Project("{8BC9CEB8-8B4A-11D0-8D11-00A0C91BC942}") = "25-10-19 레포트", "25-10-19 레포트.vcxproj", "{044CB446-2F1A-40D5-96A5-7836B2FE4B31}"
EndProject
Global
	GlobalSection(SolutionConfigurationPlatforms) = preSolution
		Debug|x64 = Debug|x64
		Debug|x86 = Debug|x86
		Release|x64 = Release|x64
		Release|x86 = Release|x86
	EndGlobalSection
	GlobalSection(ProjectConfigurationPlatforms) = postSolution
		{044CB446-2F1A-40D5-96A5-7836B2FE4B31}.Debug|x64.ActiveCfg = Debug|x64
		{044CB446-2F1A-40D5-96A5-7836B2FE4B31}.Debug|x64.Build.0 = Debug|x64
		{044CB446-2F1A-40D5-96A5-7836B2FE4B31}.Debug|x86.ActiveCfg = Debug|Win32
		{044CB446-2F1A-40D5-96A5-7836B2FE4B31}.Debug|x86.Build.0 = Debug|Win32
		{044CB446-2F1A-40D5-96A5-7836B2FE4B31}.Release|x64.ActiveCfg = Release|x64
		{044CB446-2F1A-40D5-96A5-7836B2FE4B31}.Release|x64.Build.0 = Release|x64
		{044CB446-2F1A-40D5-96A5-7836B2FE4B31}.Release|x86.ActiveCfg = Release|Win32
		{044CB446-2F1A-40D5-96A5-7836B2FE4B31}.Release|x86.Build.0 = Release|Win32
	EndGlobalSection
	GlobalSection(SolutionProperties) = preSolution
		HideSolutionNode = FALSE
	EndGlobalSection
	GlobalSection(ExtensibilityGlobals) = postSolution
		SolutionGuid = {169BAA69-2474-486A-88F8-4882957C01A0}
	EndGlobalSection
EndGlobal
