
Microsoft Visual Studio Solution File, Format Version 12.00
# Visual Studio Version 17
VisualStudioVersion = 17.14.36414.22 d17.14
MinimumVisualStudioVersion = 10.0.40219.1
Project("{8BC9CEB8-8B4A-11D0-8D11-00A0C91BC942}") = "Project1", "Project1\Project1.vcxproj", "{D488420D-5921-4B82-93EF-2E94DD26A300}"
EndProject
Global
	GlobalSection(SolutionConfigurationPlatforms) = preSolution
		Debug|x64 = Debug|x64
		Debug|x86 = Debug|x86
		Release|x64 = Release|x64
		Release|x86 = Release|x86
	EndGlobalSection
	GlobalSection(ProjectConfigurationPlatforms) = postSolution
		{D488420D-5921-4B82-93EF-2E94DD26A300}.Debug|x64.ActiveCfg = Debug|x64
		{D488420D-5921-4B82-93EF-2E94DD26A300}.Debug|x64.Build.0 = Debug|x64
		{D488420D-5921-4B82-93EF-2E94DD26A300}.Debug|x86.ActiveCfg = Debug|Win32
		{D488420D-5921-4B82-93EF-2E94DD26A300}.Debug|x86.Build.0 = Debug|Win32
		{D488420D-5921-4B82-93EF-2E94DD26A300}.Release|x64.ActiveCfg = Release|x64
		{D488420D-5921-4B82-93EF-2E94DD26A300}.Release|x64.Build.0 = Release|x64
		{D488420D-5921-4B82-93EF-2E94DD26A300}.Release|x86.ActiveCfg = Release|Win32
		{D488420D-5921-4B82-93EF-2E94DD26A300}.Release|x86.Build.0 = Release|Win32
	EndGlobalSection
	GlobalSection(SolutionProperties) = preSolution
		HideSolutionNode = FALSE
	EndGlobalSection
	GlobalSection(ExtensibilityGlobals) = postSolution
		SolutionGuid = {60A8BFAC-1A97-4C59-AE9E-09E8E56343B0}
	EndGlobalSection
EndGlobal
