
Microsoft Visual Studio Solution File, Format Version 12.00
# Visual Studio Version 17
VisualStudioVersion = 17.14.36603.0 d17.14
MinimumVisualStudioVersion = 10.0.40219.1
Project("{8BC9CEB8-8B4A-11D0-8D11-00A0C91BC942}") = "Report #2 3번 문제", "Report #2 3번 문제.vcxproj", "{35EBDB40-F863-4166-AE9D-DC09FF859ED3}"
EndProject
Global
	GlobalSection(SolutionConfigurationPlatforms) = preSolution
		Debug|x64 = Debug|x64
		Debug|x86 = Debug|x86
		Release|x64 = Release|x64
		Release|x86 = Release|x86
	EndGlobalSection
	GlobalSection(ProjectConfigurationPlatforms) = postSolution
		{35EBDB40-F863-4166-AE9D-DC09FF859ED3}.Debug|x64.ActiveCfg = Debug|x64
		{35EBDB40-F863-4166-AE9D-DC09FF859ED3}.Debug|x64.Build.0 = Debug|x64
		{35EBDB40-F863-4166-AE9D-DC09FF859ED3}.Debug|x86.ActiveCfg = Debug|Win32
		{35EBDB40-F863-4166-AE9D-DC09FF859ED3}.Debug|x86.Build.0 = Debug|Win32
		{35EBDB40-F863-4166-AE9D-DC09FF859ED3}.Release|x64.ActiveCfg = Release|x64
		{35EBDB40-F863-4166-AE9D-DC09FF859ED3}.Release|x64.Build.0 = Release|x64
		{35EBDB40-F863-4166-AE9D-DC09FF859ED3}.Release|x86.ActiveCfg = Release|Win32
		{35EBDB40-F863-4166-AE9D-DC09FF859ED3}.Release|x86.Build.0 = Release|Win32
	EndGlobalSection
	GlobalSection(SolutionProperties) = preSolution
		HideSolutionNode = FALSE
	EndGlobalSection
	GlobalSection(ExtensibilityGlobals) = postSolution
		SolutionGuid = {05C95582-0A32-4CAC-8D61-0BA4C56CF019}
	EndGlobalSection
EndGlobal
