
Microsoft Visual Studio Solution File, Format Version 12.00
# Visual Studio Version 17
VisualStudioVersion = 17.14.36414.22 d17.14
MinimumVisualStudioVersion = 10.0.40219.1
Project("{8BC9CEB8-8B4A-11D0-8D11-00A0C91BC942}") = "10-27  206p", "10-27  206p.vcxproj", "{94716E66-62AD-4198-892C-3E6BF6B0C3C9}"
EndProject
Global
	GlobalSection(SolutionConfigurationPlatforms) = preSolution
		Debug|x64 = Debug|x64
		Debug|x86 = Debug|x86
		Release|x64 = Release|x64
		Release|x86 = Release|x86
	EndGlobalSection
	GlobalSection(ProjectConfigurationPlatforms) = postSolution
		{94716E66-62AD-4198-892C-3E6BF6B0C3C9}.Debug|x64.ActiveCfg = Debug|x64
		{94716E66-62AD-4198-892C-3E6BF6B0C3C9}.Debug|x64.Build.0 = Debug|x64
		{94716E66-62AD-4198-892C-3E6BF6B0C3C9}.Debug|x86.ActiveCfg = Debug|Win32
		{94716E66-62AD-4198-892C-3E6BF6B0C3C9}.Debug|x86.Build.0 = Debug|Win32
		{94716E66-62AD-4198-892C-3E6BF6B0C3C9}.Release|x64.ActiveCfg = Release|x64
		{94716E66-62AD-4198-892C-3E6BF6B0C3C9}.Release|x64.Build.0 = Release|x64
		{94716E66-62AD-4198-892C-3E6BF6B0C3C9}.Release|x86.ActiveCfg = Release|Win32
		{94716E66-62AD-4198-892C-3E6BF6B0C3C9}.Release|x86.Build.0 = Release|Win32
	EndGlobalSection
	GlobalSection(SolutionProperties) = preSolution
		HideSolutionNode = FALSE
	EndGlobalSection
	GlobalSection(ExtensibilityGlobals) = postSolution
		SolutionGuid = {4DA3553C-DB8A-4AE5-9E5B-C6595748FA0F}
	EndGlobalSection
EndGlobal
